
Microsoft Visual Studio Solution File, Format Version 12.00
# Visual Studio 15
VisualStudioVersion = 15.0.28010.2036
MinimumVisualStudioVersion = 10.0.40219.1
Project("{FAE04EC0-301F-11D3-BF4B-00C04F79EFBC}") = "Cryptography Exercise", "Cryptography Exercise\Cryptography Exercise.csproj", "{1A027543-FE01-49E4-A443-62B5B7298CDB}"
EndProject
Project("{FAE04EC0-301F-11D3-BF4B-00C04F79EFBC}") = "CryptographyTesting", "CryptographyTesting\CryptographyTesting.csproj", "{44C5023C-9EE3-47F4-917B-97CBE6A2B690}"
EndProject
Global
	GlobalSection(SolutionConfigurationPlatforms) = preSolution
		Debug|Any CPU = Debug|Any CPU
		Release|Any CPU = Release|Any CPU
	EndGlobalSection
	GlobalSection(ProjectConfigurationPlatforms) = postSolution
		{1A027543-FE01-49E4-A443-62B5B7298CDB}.Debug|Any CPU.ActiveCfg = Debug|Any CPU
		{1A027543-FE01-49E4-A443-62B5B7298CDB}.Debug|Any CPU.Build.0 = Debug|Any CPU
		{1A027543-FE01-49E4-A443-62B5B7298CDB}.Release|Any CPU.ActiveCfg = Release|Any CPU
		{1A027543-FE01-49E4-A443-62B5B7298CDB}.Release|Any CPU.Build.0 = Release|Any CPU
		{44C5023C-9EE3-47F4-917B-97CBE6A2B690}.Debug|Any CPU.ActiveCfg = Debug|Any CPU
		{44C5023C-9EE3-47F4-917B-97CBE6A2B690}.Debug|Any CPU.Build.0 = Debug|Any CPU
		{44C5023C-9EE3-47F4-917B-97CBE6A2B690}.Release|Any CPU.ActiveCfg = Release|Any CPU
		{44C5023C-9EE3-47F4-917B-97CBE6A2B690}.Release|Any CPU.Build.0 = Release|Any CPU
	EndGlobalSection
	GlobalSection(SolutionProperties) = preSolution
		HideSolutionNode = FALSE
	EndGlobalSection
	GlobalSection(ExtensibilityGlobals) = postSolution
		SolutionGuid = {64947DF9-27B2-49B5-A0F2-21E51F0EF119}
	EndGlobalSection
EndGlobal
