
Microsoft Visual Studio Solution File, Format Version 12.00
# Visual Studio 15
VisualStudioVersion = 15.0.28010.2026
MinimumVisualStudioVersion = 10.0.40219.1
Project("{FAE04EC0-301F-11D3-BF4B-00C04F79EFBC}") = "Cryptography", "Cryptography\Cryptography.csproj", "{037D0B17-3E77-4A2C-905E-0A7D52103BF0}"
EndProject
Project("{FAE04EC0-301F-11D3-BF4B-00C04F79EFBC}") = "CryptographyTests", "CryptographyTests\CryptographyTests.csproj", "{FDFA0A82-52F6-4CA5-B9A8-21DE7E197FA1}"
EndProject
Global
	GlobalSection(SolutionConfigurationPlatforms) = preSolution
		Debug|Any CPU = Debug|Any CPU
		Release|Any CPU = Release|Any CPU
	EndGlobalSection
	GlobalSection(ProjectConfigurationPlatforms) = postSolution
		{037D0B17-3E77-4A2C-905E-0A7D52103BF0}.Debug|Any CPU.ActiveCfg = Debug|Any CPU
		{037D0B17-3E77-4A2C-905E-0A7D52103BF0}.Debug|Any CPU.Build.0 = Debug|Any CPU
		{037D0B17-3E77-4A2C-905E-0A7D52103BF0}.Release|Any CPU.ActiveCfg = Release|Any CPU
		{037D0B17-3E77-4A2C-905E-0A7D52103BF0}.Release|Any CPU.Build.0 = Release|Any CPU
		{FDFA0A82-52F6-4CA5-B9A8-21DE7E197FA1}.Debug|Any CPU.ActiveCfg = Debug|Any CPU
		{FDFA0A82-52F6-4CA5-B9A8-21DE7E197FA1}.Debug|Any CPU.Build.0 = Debug|Any CPU
		{FDFA0A82-52F6-4CA5-B9A8-21DE7E197FA1}.Release|Any CPU.ActiveCfg = Release|Any CPU
		{FDFA0A82-52F6-4CA5-B9A8-21DE7E197FA1}.Release|Any CPU.Build.0 = Release|Any CPU
	EndGlobalSection
	GlobalSection(SolutionProperties) = preSolution
		HideSolutionNode = FALSE
	EndGlobalSection
	GlobalSection(ExtensibilityGlobals) = postSolution
		SolutionGuid = {AE08A798-3112-46F8-9EFA-E430A41F966D}
	EndGlobalSection
EndGlobal
